// !$*UTF8*$!
{
	archiveVersion = 1;
	classes = {
	};
	objectVersion = 77;
	objects = {

/* Begin PBXBuildFile section */
		0380D501A44FD0DA8E50BDC5 /* chat-list-view-model.swift in Sources */ = {isa = PBXBuildFile; fileRef = 7F65AE44DFA2BCEB5F63FFA2 /* chat-list-view-model.swift */; };
		0C8017AF3CA8C084308AC24B /* benchmark-card.swift in Sources */ = {isa = PBXBuildFile; fileRef = C888D0B971933A16B4A16CA6 /* benchmark-card.swift */; };
		0D06501DA6E2838BE6BF4179 /* app-entry.swift in Sources */ = {isa = PBXBuildFile; fileRef = A6AFD3AD09A7E14CE1B98B10 /* app-entry.swift */; };
		0EBF6895EC3FB17821EEA0A2 /* mcp-tool-runner.swift in Sources */ = {isa = PBXBuildFile; fileRef = D107A8CE0BB8F52CEFC09CBC /* mcp-tool-runner.swift */; };
		0F2F8613733F2EFE6289A042 /* usage-metric-row.swift in Sources */ = {isa = PBXBuildFile; fileRef = E084A8C833C638B842E5D51D /* usage-metric-row.swift */; };
		10D1918CCDECE0A3A956FCFE /* chat-detail-view.swift in Sources */ = {isa = PBXBuildFile; fileRef = D50417FB0D172F747EC287C5 /* chat-detail-view.swift */; };
		11F04054DC3B9DE869BDDFF1 /* artifact-web-view.swift in Sources */ = {isa = PBXBuildFile; fileRef = 4E3E9F7C13E606B971BF21DF /* artifact-web-view.swift */; };
		143FE9A90C4AB8A43235C933 /* chat-attachment.swift in Sources */ = {isa = PBXBuildFile; fileRef = 8FC78042A6C16E5CAC61D128 /* chat-attachment.swift */; };
		14D2B007048D3571948CADEB /* api-usage.swift in Sources */ = {isa = PBXBuildFile; fileRef = AC6FCD2B8E335A9B3150B522 /* api-usage.swift */; };
		156D069F5083F8289A31DA08 /* metrics-models.swift in Sources */ = {isa = PBXBuildFile; fileRef = 347555203324D0A8350B9457 /* metrics-models.swift */; };
		15EB1358F5077C00AC898E70 /* artifact-viewer-sheet.swift in Sources */ = {isa = PBXBuildFile; fileRef = F27D80AC9A52738D43E76817 /* artifact-viewer-sheet.swift */; };
		182C83527EB6E59080E4A134 /* discover-filters-view.swift in Sources */ = {isa = PBXBuildFile; fileRef = 891A7E6D9A1EED201369EF4F /* discover-filters-view.swift */; };
		18AB81ABA4975636F2ECA438 /* artifact-card.swift in Sources */ = {isa = PBXBuildFile; fileRef = EE8030C9A4BA18F04B99A6BC /* artifact-card.swift */; };
		1B4DCC3C9B9C4350475955F0 /* any-encodable.swift in Sources */ = {isa = PBXBuildFile; fileRef = 306F2C505FC1C0859959B6C4 /* any-encodable.swift */; };
		1D33AA3298691DAB05115156 /* api-mcp.swift in Sources */ = {isa = PBXBuildFile; fileRef = 83713DF1555EF243005AF9A7 /* api-mcp.swift */; };
		224A4CE904520340106F24EC /* progress-bar.swift in Sources */ = {isa = PBXBuildFile; fileRef = 9D941089FD6714CC74F3E2B3 /* progress-bar.swift */; };
		2B414238819A68EBF785C632 /* chat-detail-meta.swift in Sources */ = {isa = PBXBuildFile; fileRef = C6CAE4CD14A94107C96012E2 /* chat-detail-meta.swift */; };
		2CC8E8CDDD400614406D86E9 /* keyboard-dismiss.swift in Sources */ = {isa = PBXBuildFile; fileRef = BC51918F59C4EE2AA145E436 /* keyboard-dismiss.swift */; };
		2E4B0B96AD8FA4F9A5970A0B /* sse-client.swift in Sources */ = {isa = PBXBuildFile; fileRef = 32C05AA5C489FE89780FF591 /* sse-client.swift */; };
		2F4594D590721174E34D8AF7 /* openai-chat-service.swift in Sources */ = {isa = PBXBuildFile; fileRef = D0354FD701795DB9206D7829 /* openai-chat-service.swift */; };
		30C5CEA00FF184A52C716CEC /* voice-transcriber.swift in Sources */ = {isa = PBXBuildFile; fileRef = 7FBBCB9C9FF666F71C7DF98D /* voice-transcriber.swift */; };
		335B639172B8AD9E985B915E /* color-hex.swift in Sources */ = {isa = PBXBuildFile; fileRef = 66A8998F1601EC22CE226B22 /* color-hex.swift */; };
		34EBA3EA98816E2BE9FF82BC /* recipe-models.swift in Sources */ = {isa = PBXBuildFile; fileRef = 5024BF18816EB8504C38B60F /* recipe-models.swift */; };
		368C34D12689B49D1EFE1C0C /* configs-services-section.swift in Sources */ = {isa = PBXBuildFile; fileRef = 75814524CB80571F95B324A9 /* configs-services-section.swift */; };
		3AC357C426519787C1EB175E /* api-recipes.swift in Sources */ = {isa = PBXBuildFile; fileRef = DE4C24A9178A4570A79E141D /* api-recipes.swift */; };
		3BDFAC04B40BDCB745CB4FFD /* usage-tokens-card.swift in Sources */ = {isa = PBXBuildFile; fileRef = 68409965210C2DD617989D2C /* usage-tokens-card.swift */; };
		3DDCC7859C40BEAC0F78B793 /* chat-completion-models.swift in Sources */ = {isa = PBXBuildFile; fileRef = 5794307F07B8F8FA7021F79D /* chat-completion-models.swift */; };
		3DE1E277742C0260E33AF2AB /* chat-thinking-parser.swift in Sources */ = {isa = PBXBuildFile; fileRef = BAEDF980EDAB619A40B57BC2 /* chat-thinking-parser.swift */; };
		3E6CB2084B073AFC61C89E75 /* usage-rows.swift in Sources */ = {isa = PBXBuildFile; fileRef = 69F96F8ABC0C6C4B414F6B69 /* usage-rows.swift */; };
		406B881BB4D90AFE96CCEC6B /* api-client.swift in Sources */ = {isa = PBXBuildFile; fileRef = 1E3797978315AD9DB9FCE4CE /* api-client.swift */; };
		412EAB8151D5C73CE83D4354 /* artifact-detail-ext.swift in Sources */ = {isa = PBXBuildFile; fileRef = 3B2C09DF65FDDCC6E48A75A9 /* artifact-detail-ext.swift */; };
		44BEEFDF174895A70EA15364 /* artifact-parser.swift in Sources */ = {isa = PBXBuildFile; fileRef = B41BA16DDE8988868AB2E04B /* artifact-parser.swift */; };
		475DA2798EF025BC47098A53 /* settings-store.swift in Sources */ = {isa = PBXBuildFile; fileRef = FE173E02AF24324E11B7DA66 /* settings-store.swift */; };
		4928928E8DBBF92F9752492A /* logs-view-model.swift in Sources */ = {isa = PBXBuildFile; fileRef = BE08B3247AE6D19FCAE9100B /* logs-view-model.swift */; };
		498ACAB0D621BC0871C24467 /* api-stream.swift in Sources */ = {isa = PBXBuildFile; fileRef = DEB6D6D2E0E38741C0DB978E /* api-stream.swift */; };
		4A2CE48C9848FF87D3000E01 /* chat-detail-view-model.swift in Sources */ = {isa = PBXBuildFile; fileRef = E10840B86185C3842321BBDE /* chat-detail-view-model.swift */; };
		4A3D49B8E38785BF6F8B12A7 /* error-view.swift in Sources */ = {isa = PBXBuildFile; fileRef = A94F4B6AFCF3EF0F28177D08 /* error-view.swift */; };
		4B6D78FB7E9727B0EE26A1F3 /* recipes-view.swift in Sources */ = {isa = PBXBuildFile; fileRef = 66EB4831A47C5A389AB88201 /* recipes-view.swift */; };
		4DEBDA1ACAD219C3011373B0 /* recipe-row-view.swift in Sources */ = {isa = PBXBuildFile; fileRef = 4B03F732527E991FEA9C0401 /* recipe-row-view.swift */; };
		504CA385AA6C34ABCCCFA73F /* chat-message-meta-dropdown.swift in Sources */ = {isa = PBXBuildFile; fileRef = 8D4C20D41ACB1557CC2F90D9 /* chat-message-meta-dropdown.swift */; };
		50A4349DEF4C5D87BD213607 /* metric-row.swift in Sources */ = {isa = PBXBuildFile; fileRef = 37B7CB90D28F6EFCA66E339D /* metric-row.swift */; };
		53EEA18E8D96132AEB2A312B /* gpu-row-view.swift in Sources */ = {isa = PBXBuildFile; fileRef = FD41DFFE24B50B09DE1125FC /* gpu-row-view.swift */; };
		56DEBF53DBDE1AF41600A5FC /* theme.swift in Sources */ = {isa = PBXBuildFile; fileRef = A6C9E45CDE28A5F342AD7CC7 /* theme.swift */; };
		57044E8D2433A871F0EDDCA7 /* configs-api-section.swift in Sources */ = {isa = PBXBuildFile; fileRef = 416475D5A0DEE461E918EA86 /* configs-api-section.swift */; };
		57541D3837825CB8EB082489 /* chat-markdown-text.swift in Sources */ = {isa = PBXBuildFile; fileRef = 2328A920A352FD161BB4C46E /* chat-markdown-text.swift */; };
		5808BA6D532B9F489AEEAD1D /* chat-tool-belt.swift in Sources */ = {isa = PBXBuildFile; fileRef = F0FDB56C3EAD259DF8737F26 /* chat-tool-belt.swift */; };
		584022B7AA1012B9AD95A2C4 /* openai-models.swift in Sources */ = {isa = PBXBuildFile; fileRef = AA3C4DE8073E499328AB0EE2 /* openai-models.swift */; };
		6078174594DC812D7A312842 /* discover-view.swift in Sources */ = {isa = PBXBuildFile; fileRef = 8DF6507AD9F1645B93E706BF /* discover-view.swift */; };
		669CC3AA968173408D80F6F6 /* artifact-model.swift in Sources */ = {isa = PBXBuildFile; fileRef = F40F3716FE802C63EA8AFE9D /* artifact-model.swift */; };
		688D521A4DF2CE71A481692F /* api-codec.swift in Sources */ = {isa = PBXBuildFile; fileRef = 8638C6AF81398A72EF5F03C3 /* api-codec.swift */; };
		68F757AFA2C4C5B80A9D2927 /* chat-detail-completions.swift in Sources */ = {isa = PBXBuildFile; fileRef = 9E175D285743C42061CE614E /* chat-detail-completions.swift */; };
		6A30D7A8E4EB70256013CD8A /* gpu-models.swift in Sources */ = {isa = PBXBuildFile; fileRef = 9893EC661511D08EFC140DF0 /* gpu-models.swift */; };
		6AE0BF7F723F601656D396E6 /* chat-thinking-block.swift in Sources */ = {isa = PBXBuildFile; fileRef = 070C950B36EC3BBA60E7FD0A /* chat-thinking-block.swift */; };
		6D0F5264B6A9BDEE3AF41F9C /* discover-row-view.swift in Sources */ = {isa = PBXBuildFile; fileRef = DF29E305AC60735A9F6052D8 /* discover-row-view.swift */; };
		6DC8EFFE1EDF2BC98A5B653D /* root-view.swift in Sources */ = {isa = PBXBuildFile; fileRef = 4DC1852D1FB598DE32EF63D4 /* root-view.swift */; };
		7033890EED206FBDAC078B1A /* recipe-section.swift in Sources */ = {isa = PBXBuildFile; fileRef = A607C44D998E86CDA1598906 /* recipe-section.swift */; };
		737C03BA1BF7AD147F8B0DAC /* drawer-shell.swift in Sources */ = {isa = PBXBuildFile; fileRef = 067E123ADC957D0AC8A0FAB3 /* drawer-shell.swift */; };
		74AE3FA356CA2FBA444D8BF0 /* app-container.swift in Sources */ = {isa = PBXBuildFile; fileRef = 250C7A46C727A11CA8AC7CB3 /* app-container.swift */; };
		76F3C8F8E0D4F48A13C0CB83 /* title-models.swift in Sources */ = {isa = PBXBuildFile; fileRef = A74188B83DA0BD7DF2621829 /* title-models.swift */; };
		7740C5675E5A456668D87832 /* json-utils.swift in Sources */ = {isa = PBXBuildFile; fileRef = 32CA3019FF374A6EAEFA2BC7 /* json-utils.swift */; };
		787AE8F583C06E08DB530714 /* drawer-menu.swift in Sources */ = {isa = PBXBuildFile; fileRef = 37866AE0A87C117BD01E9716 /* drawer-menu.swift */; };
		7A0F19AE77F49A1F6E788F20 /* mcp-models.swift in Sources */ = {isa = PBXBuildFile; fileRef = 63F5B7A2518355F30DCA892D /* mcp-models.swift */; };
		7AA67ADAB3673E379BA3D8B4 /* api-discover.swift in Sources */ = {isa = PBXBuildFile; fileRef = E84EDF77A0A9EB0C83854237 /* api-discover.swift */; };
		7B2D57A11993E35121A85FF9 /* usage-stats.swift in Sources */ = {isa = PBXBuildFile; fileRef = 2F95FC191B583F0A9BF99C6F /* usage-stats.swift */; };
		7D77498331097108975F6BAC /* realtime-store.swift in Sources */ = {isa = PBXBuildFile; fileRef = EC7A1B18CD89345CD46B10C0 /* realtime-store.swift */; };
		80F765E98C3C609B916086E2 /* binding-optional.swift in Sources */ = {isa = PBXBuildFile; fileRef = 712146A1223BAE10F9ECF721 /* binding-optional.swift */; };
		8483A8B9DB328FCF398EF274 /* dashboard-logs-card.swift in Sources */ = {isa = PBXBuildFile; fileRef = 6C9ED58645B2DD15FF9B0E7F /* dashboard-logs-card.swift */; };
		85A9E5575645D538BB4BE7BC /* api-logs.swift in Sources */ = {isa = PBXBuildFile; fileRef = 573D80AF65D371EE00048574 /* api-logs.swift */; };
		886B7A01386DB6BFE2BE5BA6 /* artifact-templates.swift in Sources */ = {isa = PBXBuildFile; fileRef = 960A2AEBB4535180A0B67842 /* artifact-templates.swift */; };
		8A42905C368599D25713C9EA /* log-models.swift in Sources */ = {isa = PBXBuildFile; fileRef = 9BECD79B9AF7AF7B9C240E96 /* log-models.swift */; };
		8C2D2366D35A7280F384CEA5 /* chat-agent-meta.swift in Sources */ = {isa = PBXBuildFile; fileRef = E53FAE8F64214EE141EFD025 /* chat-agent-meta.swift */; };
		8ED4C597F727299D04CF1386 /* metrics-card.swift in Sources */ = {isa = PBXBuildFile; fileRef = 550751242F5784F776A48F8A /* metrics-card.swift */; };
		8F24F08CFC7AAD44B16D8288 /* chat-detail-tools.swift in Sources */ = {isa = PBXBuildFile; fileRef = 7D6B7BA3EA8A70420F43BC32 /* chat-detail-tools.swift */; };
		8F4D9573F8D49DFF4B169925 /* chat-detail-send.swift in Sources */ = {isa = PBXBuildFile; fileRef = 6BF49DBB456DBA41395025DC /* chat-detail-send.swift */; };
		91BD631AD4178A7B74144143 /* tab-shell.swift in Sources */ = {isa = PBXBuildFile; fileRef = 027E03DB29E8FC47B0AC4365 /* tab-shell.swift */; };
		91EB63BCF5BC6638991F7112 /* chat-detail-title.swift in Sources */ = {isa = PBXBuildFile; fileRef = 1882F9EF50283EF679C33C86 /* chat-detail-title.swift */; };
		945EDE76969AD399449C4E7C /* chat-processing-bar.swift in Sources */ = {isa = PBXBuildFile; fileRef = 613891A9AA4A8BD63D853252 /* chat-processing-bar.swift */; };
		94EAD5ACEBCD5B1B44ABC581 /* chat-streaming-message-view.swift in Sources */ = {isa = PBXBuildFile; fileRef = C74927CEC78B99E7963A573C /* chat-streaming-message-view.swift */; };
		94F9AB002CD9DF9589AF866D /* configs-mcp-section.swift in Sources */ = {isa = PBXBuildFile; fileRef = 1DE8A013A1CC0D4714932633 /* configs-mcp-section.swift */; };
		969EF819229EBBE385CCFFBC /* chat-session.swift in Sources */ = {isa = PBXBuildFile; fileRef = BF664A7E4EB17B881FF9FA46 /* chat-session.swift */; };
		9908CE031AD6D287E913A522 /* usage-view.swift in Sources */ = {isa = PBXBuildFile; fileRef = EF8F621E24F789DE8776E5BB /* usage-view.swift */; };
		9971C780C561CB47CB83C8DF /* log-line.swift in Sources */ = {isa = PBXBuildFile; fileRef = 333A653F83FF5FBB65DA5728 /* log-line.swift */; };
		99780A4FE33E7954B956CD07 /* dashboard-view-model.swift in Sources */ = {isa = PBXBuildFile; fileRef = 30F0EB027CC44CFB4CDC9379 /* dashboard-view-model.swift */; };
		9C3650FA6FC658B03CB17B3E /* api-chat-completions.swift in Sources */ = {isa = PBXBuildFile; fileRef = 51A9C72B2C235AC74B009DAD /* api-chat-completions.swift */; };
		A525A676BB7AB9641A5F92CD /* chat-message.swift in Sources */ = {isa = PBXBuildFile; fileRef = E5F12CBEE23D311F903C389C /* chat-message.swift */; };
		A8878E801DE909A0EC250DAD /* mcp-server-editor.swift in Sources */ = {isa = PBXBuildFile; fileRef = D807A0016D9AA63DEB77811F /* mcp-server-editor.swift */; };
		AB0017D480425166F3C646B3 /* usage-view-model.swift in Sources */ = {isa = PBXBuildFile; fileRef = CAF0D148215303BA113A934A /* usage-view-model.swift */; };
		AD3D60A449B1C84550EF6C23 /* chat-detail-stream.swift in Sources */ = {isa = PBXBuildFile; fileRef = 45C341B50F73CB6A5138C58F /* chat-detail-stream.swift */; };
		B0691D379A267DBE0574B48B /* dashboard-status-card.swift in Sources */ = {isa = PBXBuildFile; fileRef = 513B175DAFD6AD4BB53AD492 /* dashboard-status-card.swift */; };
		B2B9333940B086BF0E5A101C /* realtime-store-handler.swift in Sources */ = {isa = PBXBuildFile; fileRef = 5815AFD1A3C52DF8B62AC276 /* realtime-store-handler.swift */; };
		B73771CC293D513AB0E91640 /* drawer-menu-item.swift in Sources */ = {isa = PBXBuildFile; fileRef = F39AED0A427EA95AD654ACBC /* drawer-menu-item.swift */; };
		B77738831F5B1001D6FE6F54 /* loading-view.swift in Sources */ = {isa = PBXBuildFile; fileRef = E56D50EBF3F672778253F8ED /* loading-view.swift */; };
		B7F288F64812C1E495100686 /* chat-tool-belt-toolbar.swift in Sources */ = {isa = PBXBuildFile; fileRef = AAA2B51F27F5DCE98838CF35 /* chat-tool-belt-toolbar.swift */; };
		B934AA36D87FFC7E943703FC /* api-chat-sessions.swift in Sources */ = {isa = PBXBuildFile; fileRef = C3F0DF311EBF37E6DA5D06C6 /* api-chat-sessions.swift */; };
		BE3F3E6CA8534C011C04C7F9 /* logs-view.swift in Sources */ = {isa = PBXBuildFile; fileRef = D7A939267E9CD4C86B9B7828 /* logs-view.swift */; };
		C082ED5720C71D74445BA34E /* chat-tools-sheet.swift in Sources */ = {isa = PBXBuildFile; fileRef = AD5F9792DC08E3078F37D7DD /* chat-tools-sheet.swift */; };
		C140BBD389D6B7A562ADE35C /* configs-view-model.swift in Sources */ = {isa = PBXBuildFile; fileRef = 0B458C9B603A6B44C884F509 /* configs-view-model.swift */; };
		C1609267E8F3F407ADA60535 /* empty-state-view.swift in Sources */ = {isa = PBXBuildFile; fileRef = DA4D1EBBE260BEE3B29498D1 /* empty-state-view.swift */; };
		C1A0D61F4F91AA062F96503D /* usage-summary-card.swift in Sources */ = {isa = PBXBuildFile; fileRef = E5B60B59FE3E9FAC9694E952 /* usage-summary-card.swift */; };
		C7C1D5B624347C4B60A5F12B /* chat-list-view.swift in Sources */ = {isa = PBXBuildFile; fileRef = 5F3D4B70FB4B0A66BAE9CAC4 /* chat-list-view.swift */; };
		CD17B132E1FD1431E736D818 /* gpu-status-section.swift in Sources */ = {isa = PBXBuildFile; fileRef = 6445C8DE22E231B82E4DBA75 /* gpu-status-section.swift */; };
		D266DF380EA3959613F9E5C0 /* api-error.swift in Sources */ = {isa = PBXBuildFile; fileRef = 71D394293A5CFC7EA66EF4E6 /* api-error.swift */; };
		D68CA7467D81203ECE592CD9 /* api-system.swift in Sources */ = {isa = PBXBuildFile; fileRef = 6B38A0E11709C8DF5E5743F6 /* api-system.swift */; };
		D6AAAC7818B249489391EC02 /* usage-latency-card.swift in Sources */ = {isa = PBXBuildFile; fileRef = 94FFD2D7AA1B71D5FFD6774A /* usage-latency-card.swift */; };
		D6DCE53F18CFD813158F9571 /* usage-cache-card.swift in Sources */ = {isa = PBXBuildFile; fileRef = 0A85B787CAF87ED273D38FFA /* usage-cache-card.swift */; };
		D7A3D5AB5D19FC151916C1DD /* configs-view.swift in Sources */ = {isa = PBXBuildFile; fileRef = 73CE217C5928631F7D423657 /* configs-view.swift */; };
		D838B870DD859A0CB7CE82E8 /* audio-recorder.swift in Sources */ = {isa = PBXBuildFile; fileRef = 90AD4314C60A3B52A9477F6F /* audio-recorder.swift */; };
		D9E197F4E2808C388D0BE48C /* chat-attachments-view.swift in Sources */ = {isa = PBXBuildFile; fileRef = 33A342A18D8CC17F4A97E152 /* chat-attachments-view.swift */; };
		DE03CE5CE13B803EC8D3351F /* usage-metric-card.swift in Sources */ = {isa = PBXBuildFile; fileRef = F1EC390F1F778F0A11690F36 /* usage-metric-card.swift */; };
		DF935A0AF6BE5E45E73D2AF1 /* chat-usage-bar.swift in Sources */ = {isa = PBXBuildFile; fileRef = 19BC5E2C2B791DFA74C9DF5D /* chat-usage-bar.swift */; };
		E0A9D97F1D91DEB6B8B7EF67 /* dashboard-view.swift in Sources */ = {isa = PBXBuildFile; fileRef = 89525F6B7DC337DF02D9467B /* dashboard-view.swift */; };
		E3D19C367C502D9CCBC2F347 /* usage-model-row-view.swift in Sources */ = {isa = PBXBuildFile; fileRef = BAF707CA60583AA8C9BAA79F /* usage-model-row-view.swift */; };
		E3D3B12F3AB038A1476C9376 /* process-info.swift in Sources */ = {isa = PBXBuildFile; fileRef = 42519DE2FA2958B83EA520D8 /* process-info.swift */; };
		E7A8D28102BA9DD1A04C9A14 /* usage-activity-card.swift in Sources */ = {isa = PBXBuildFile; fileRef = 337F62FE6C900CE7FA857873 /* usage-activity-card.swift */; };
		E81D8662CCF78A1A9932CD2A /* sse-event.swift in Sources */ = {isa = PBXBuildFile; fileRef = 2CEA72E1722314F6D7E9BDD1 /* sse-event.swift */; };
		EA42ED3C8F295BCC19686966 /* system-models.swift in Sources */ = {isa = PBXBuildFile; fileRef = BAFDB544C086737DEA8FE78B /* system-models.swift */; };
		EB88A369F28E8195CA5F0976 /* any-codable.swift in Sources */ = {isa = PBXBuildFile; fileRef = 8798C6BC941AD39BE1BBA093 /* any-codable.swift */; };
		EB88CD831326EF3336E84C37 /* chat-agent-actions-sheet.swift in Sources */ = {isa = PBXBuildFile; fileRef = CDC7681775BA8DD4A7C555E5 /* chat-agent-actions-sheet.swift */; };
		ECB4564CECACBB5AE1151712 /* sse-envelope.swift in Sources */ = {isa = PBXBuildFile; fileRef = 79D23B51749081D017DE584A /* sse-envelope.swift */; };
		ED6516964B8A79EE78728926 /* model-browser.swift in Sources */ = {isa = PBXBuildFile; fileRef = 7EBB1015C6AF218AC8E91CE6 /* model-browser.swift */; };
		ED74C1BA758778D34BBEF21F /* sse-parser.swift in Sources */ = {isa = PBXBuildFile; fileRef = 876CF92AB1281FDB646002AB /* sse-parser.swift */; };
		EF7AF26AF339CAB03FEB68F9 /* chat-message-row.swift in Sources */ = {isa = PBXBuildFile; fileRef = 225750EE8CEA837070360293 /* chat-message-row.swift */; };
		F0CFC14408C4BC3C8A35BA75 /* chat-input-bar.swift in Sources */ = {isa = PBXBuildFile; fileRef = 1510ABAD234068463F9E7CC7 /* chat-input-bar.swift */; };
		F0E83025717916C0F05E8957 /* chat-plan-tools.swift in Sources */ = {isa = PBXBuildFile; fileRef = 694E08832E70D5756D1BE253 /* chat-plan-tools.swift */; };
		F2785BB135D8695DBEA04AB8 /* quick-actions-card.swift in Sources */ = {isa = PBXBuildFile; fileRef = 2D162F32DDEE3188B88F79FB /* quick-actions-card.swift */; };
		F4EFEC79D94DE03AC30CAC96 /* launch-progress-card.swift in Sources */ = {isa = PBXBuildFile; fileRef = 0393432662AB595DCBA3BED6 /* launch-progress-card.swift */; };
		FB7FA2C7CAAC2AD3D0101B3E /* chat-message-builder.swift in Sources */ = {isa = PBXBuildFile; fileRef = 688B2E002EFC20A2D3305C83 /* chat-message-builder.swift */; };
		FDB22C3D80EAB4C989248138 /* badge-view.swift in Sources */ = {isa = PBXBuildFile; fileRef = F8AF25C22CFC8ED12645DE1A /* badge-view.swift */; };
		FE473726BE13602FC44A2E30 /* discover-view-model.swift in Sources */ = {isa = PBXBuildFile; fileRef = 848DF49B8DE17EF518A4BB49 /* discover-view-model.swift */; };
		FEEE43763E548E2EE5DF858B /* card-view.swift in Sources */ = {isa = PBXBuildFile; fileRef = E018C4F63E6C899ACA05BD96 /* card-view.swift */; };
/* End PBXBuildFile section */

/* Begin PBXFileReference section */
		027E03DB29E8FC47B0AC4365 /* tab-shell.swift */ = {isa = PBXFileReference; lastKnownFileType = sourcecode.swift; path = "tab-shell.swift"; sourceTree = "<group>"; };
		0393432662AB595DCBA3BED6 /* launch-progress-card.swift */ = {isa = PBXFileReference; lastKnownFileType = sourcecode.swift; path = "launch-progress-card.swift"; sourceTree = "<group>"; };
		067E123ADC957D0AC8A0FAB3 /* drawer-shell.swift */ = {isa = PBXFileReference; lastKnownFileType = sourcecode.swift; path = "drawer-shell.swift"; sourceTree = "<group>"; };
		070C950B36EC3BBA60E7FD0A /* chat-thinking-block.swift */ = {isa = PBXFileReference; lastKnownFileType = sourcecode.swift; path = "chat-thinking-block.swift"; sourceTree = "<group>"; };
		0A85B787CAF87ED273D38FFA /* usage-cache-card.swift */ = {isa = PBXFileReference; lastKnownFileType = sourcecode.swift; path = "usage-cache-card.swift"; sourceTree = "<group>"; };
		0B458C9B603A6B44C884F509 /* configs-view-model.swift */ = {isa = PBXFileReference; lastKnownFileType = sourcecode.swift; path = "configs-view-model.swift"; sourceTree = "<group>"; };
		1510ABAD234068463F9E7CC7 /* chat-input-bar.swift */ = {isa = PBXFileReference; lastKnownFileType = sourcecode.swift; path = "chat-input-bar.swift"; sourceTree = "<group>"; };
		1882F9EF50283EF679C33C86 /* chat-detail-title.swift */ = {isa = PBXFileReference; lastKnownFileType = sourcecode.swift; path = "chat-detail-title.swift"; sourceTree = "<group>"; };
		19BC5E2C2B791DFA74C9DF5D /* chat-usage-bar.swift */ = {isa = PBXFileReference; lastKnownFileType = sourcecode.swift; path = "chat-usage-bar.swift"; sourceTree = "<group>"; };
		1DE8A013A1CC0D4714932633 /* configs-mcp-section.swift */ = {isa = PBXFileReference; lastKnownFileType = sourcecode.swift; path = "configs-mcp-section.swift"; sourceTree = "<group>"; };
		1E3797978315AD9DB9FCE4CE /* api-client.swift */ = {isa = PBXFileReference; lastKnownFileType = sourcecode.swift; path = "api-client.swift"; sourceTree = "<group>"; };
		225750EE8CEA837070360293 /* chat-message-row.swift */ = {isa = PBXFileReference; lastKnownFileType = sourcecode.swift; path = "chat-message-row.swift"; sourceTree = "<group>"; };
		2328A920A352FD161BB4C46E /* chat-markdown-text.swift */ = {isa = PBXFileReference; lastKnownFileType = sourcecode.swift; path = "chat-markdown-text.swift"; sourceTree = "<group>"; };
		250C7A46C727A11CA8AC7CB3 /* app-container.swift */ = {isa = PBXFileReference; lastKnownFileType = sourcecode.swift; path = "app-container.swift"; sourceTree = "<group>"; };
		2CEA72E1722314F6D7E9BDD1 /* sse-event.swift */ = {isa = PBXFileReference; lastKnownFileType = sourcecode.swift; path = "sse-event.swift"; sourceTree = "<group>"; };
		2D162F32DDEE3188B88F79FB /* quick-actions-card.swift */ = {isa = PBXFileReference; lastKnownFileType = sourcecode.swift; path = "quick-actions-card.swift"; sourceTree = "<group>"; };
		2F95FC191B583F0A9BF99C6F /* usage-stats.swift */ = {isa = PBXFileReference; lastKnownFileType = sourcecode.swift; path = "usage-stats.swift"; sourceTree = "<group>"; };
		306F2C505FC1C0859959B6C4 /* any-encodable.swift */ = {isa = PBXFileReference; lastKnownFileType = sourcecode.swift; path = "any-encodable.swift"; sourceTree = "<group>"; };
		30F0EB027CC44CFB4CDC9379 /* dashboard-view-model.swift */ = {isa = PBXFileReference; lastKnownFileType = sourcecode.swift; path = "dashboard-view-model.swift"; sourceTree = "<group>"; };
		32C05AA5C489FE89780FF591 /* sse-client.swift */ = {isa = PBXFileReference; lastKnownFileType = sourcecode.swift; path = "sse-client.swift"; sourceTree = "<group>"; };
		32CA3019FF374A6EAEFA2BC7 /* json-utils.swift */ = {isa = PBXFileReference; lastKnownFileType = sourcecode.swift; path = "json-utils.swift"; sourceTree = "<group>"; };
		333A653F83FF5FBB65DA5728 /* log-line.swift */ = {isa = PBXFileReference; lastKnownFileType = sourcecode.swift; path = "log-line.swift"; sourceTree = "<group>"; };
		337F62FE6C900CE7FA857873 /* usage-activity-card.swift */ = {isa = PBXFileReference; lastKnownFileType = sourcecode.swift; path = "usage-activity-card.swift"; sourceTree = "<group>"; };
		33A342A18D8CC17F4A97E152 /* chat-attachments-view.swift */ = {isa = PBXFileReference; lastKnownFileType = sourcecode.swift; path = "chat-attachments-view.swift"; sourceTree = "<group>"; };
		347555203324D0A8350B9457 /* metrics-models.swift */ = {isa = PBXFileReference; lastKnownFileType = sourcecode.swift; path = "metrics-models.swift"; sourceTree = "<group>"; };
		37866AE0A87C117BD01E9716 /* drawer-menu.swift */ = {isa = PBXFileReference; lastKnownFileType = sourcecode.swift; path = "drawer-menu.swift"; sourceTree = "<group>"; };
		37B7CB90D28F6EFCA66E339D /* metric-row.swift */ = {isa = PBXFileReference; lastKnownFileType = sourcecode.swift; path = "metric-row.swift"; sourceTree = "<group>"; };
		3B2C09DF65FDDCC6E48A75A9 /* artifact-detail-ext.swift */ = {isa = PBXFileReference; lastKnownFileType = sourcecode.swift; path = "artifact-detail-ext.swift"; sourceTree = "<group>"; };
		416475D5A0DEE461E918EA86 /* configs-api-section.swift */ = {isa = PBXFileReference; lastKnownFileType = sourcecode.swift; path = "configs-api-section.swift"; sourceTree = "<group>"; };
		42519DE2FA2958B83EA520D8 /* process-info.swift */ = {isa = PBXFileReference; lastKnownFileType = sourcecode.swift; path = "process-info.swift"; sourceTree = "<group>"; };
		45C341B50F73CB6A5138C58F /* chat-detail-stream.swift */ = {isa = PBXFileReference; lastKnownFileType = sourcecode.swift; path = "chat-detail-stream.swift"; sourceTree = "<group>"; };
		4B03F732527E991FEA9C0401 /* recipe-row-view.swift */ = {isa = PBXFileReference; lastKnownFileType = sourcecode.swift; path = "recipe-row-view.swift"; sourceTree = "<group>"; };
		4DC1852D1FB598DE32EF63D4 /* root-view.swift */ = {isa = PBXFileReference; lastKnownFileType = sourcecode.swift; path = "root-view.swift"; sourceTree = "<group>"; };
		4E3E9F7C13E606B971BF21DF /* artifact-web-view.swift */ = {isa = PBXFileReference; lastKnownFileType = sourcecode.swift; path = "artifact-web-view.swift"; sourceTree = "<group>"; };
		5024BF18816EB8504C38B60F /* recipe-models.swift */ = {isa = PBXFileReference; lastKnownFileType = sourcecode.swift; path = "recipe-models.swift"; sourceTree = "<group>"; };
		513B175DAFD6AD4BB53AD492 /* dashboard-status-card.swift */ = {isa = PBXFileReference; lastKnownFileType = sourcecode.swift; path = "dashboard-status-card.swift"; sourceTree = "<group>"; };
		51A9C72B2C235AC74B009DAD /* api-chat-completions.swift */ = {isa = PBXFileReference; lastKnownFileType = sourcecode.swift; path = "api-chat-completions.swift"; sourceTree = "<group>"; };
		550751242F5784F776A48F8A /* metrics-card.swift */ = {isa = PBXFileReference; lastKnownFileType = sourcecode.swift; path = "metrics-card.swift"; sourceTree = "<group>"; };
		573D80AF65D371EE00048574 /* api-logs.swift */ = {isa = PBXFileReference; lastKnownFileType = sourcecode.swift; path = "api-logs.swift"; sourceTree = "<group>"; };
		5794307F07B8F8FA7021F79D /* chat-completion-models.swift */ = {isa = PBXFileReference; lastKnownFileType = sourcecode.swift; path = "chat-completion-models.swift"; sourceTree = "<group>"; };
		5815AFD1A3C52DF8B62AC276 /* realtime-store-handler.swift */ = {isa = PBXFileReference; lastKnownFileType = sourcecode.swift; path = "realtime-store-handler.swift"; sourceTree = "<group>"; };
		5F3D4B70FB4B0A66BAE9CAC4 /* chat-list-view.swift */ = {isa = PBXFileReference; lastKnownFileType = sourcecode.swift; path = "chat-list-view.swift"; sourceTree = "<group>"; };
		613891A9AA4A8BD63D853252 /* chat-processing-bar.swift */ = {isa = PBXFileReference; lastKnownFileType = sourcecode.swift; path = "chat-processing-bar.swift"; sourceTree = "<group>"; };
		63F5B7A2518355F30DCA892D /* mcp-models.swift */ = {isa = PBXFileReference; lastKnownFileType = sourcecode.swift; path = "mcp-models.swift"; sourceTree = "<group>"; };
		6445C8DE22E231B82E4DBA75 /* gpu-status-section.swift */ = {isa = PBXFileReference; lastKnownFileType = sourcecode.swift; path = "gpu-status-section.swift"; sourceTree = "<group>"; };
		66A8998F1601EC22CE226B22 /* color-hex.swift */ = {isa = PBXFileReference; lastKnownFileType = sourcecode.swift; path = "color-hex.swift"; sourceTree = "<group>"; };
		66EB4831A47C5A389AB88201 /* recipes-view.swift */ = {isa = PBXFileReference; lastKnownFileType = sourcecode.swift; path = "recipes-view.swift"; sourceTree = "<group>"; };
		68409965210C2DD617989D2C /* usage-tokens-card.swift */ = {isa = PBXFileReference; lastKnownFileType = sourcecode.swift; path = "usage-tokens-card.swift"; sourceTree = "<group>"; };
		688B2E002EFC20A2D3305C83 /* chat-message-builder.swift */ = {isa = PBXFileReference; lastKnownFileType = sourcecode.swift; path = "chat-message-builder.swift"; sourceTree = "<group>"; };
		694E08832E70D5756D1BE253 /* chat-plan-tools.swift */ = {isa = PBXFileReference; lastKnownFileType = sourcecode.swift; path = "chat-plan-tools.swift"; sourceTree = "<group>"; };
		69F96F8ABC0C6C4B414F6B69 /* usage-rows.swift */ = {isa = PBXFileReference; lastKnownFileType = sourcecode.swift; path = "usage-rows.swift"; sourceTree = "<group>"; };
		6B38A0E11709C8DF5E5743F6 /* api-system.swift */ = {isa = PBXFileReference; lastKnownFileType = sourcecode.swift; path = "api-system.swift"; sourceTree = "<group>"; };
		6BF49DBB456DBA41395025DC /* chat-detail-send.swift */ = {isa = PBXFileReference; lastKnownFileType = sourcecode.swift; path = "chat-detail-send.swift"; sourceTree = "<group>"; };
		6C9ED58645B2DD15FF9B0E7F /* dashboard-logs-card.swift */ = {isa = PBXFileReference; lastKnownFileType = sourcecode.swift; path = "dashboard-logs-card.swift"; sourceTree = "<group>"; };
		712146A1223BAE10F9ECF721 /* binding-optional.swift */ = {isa = PBXFileReference; lastKnownFileType = sourcecode.swift; path = "binding-optional.swift"; sourceTree = "<group>"; };
		71D394293A5CFC7EA66EF4E6 /* api-error.swift */ = {isa = PBXFileReference; lastKnownFileType = sourcecode.swift; path = "api-error.swift"; sourceTree = "<group>"; };
		73CE217C5928631F7D423657 /* configs-view.swift */ = {isa = PBXFileReference; lastKnownFileType = sourcecode.swift; path = "configs-view.swift"; sourceTree = "<group>"; };
		75814524CB80571F95B324A9 /* configs-services-section.swift */ = {isa = PBXFileReference; lastKnownFileType = sourcecode.swift; path = "configs-services-section.swift"; sourceTree = "<group>"; };
		79D23B51749081D017DE584A /* sse-envelope.swift */ = {isa = PBXFileReference; lastKnownFileType = sourcecode.swift; path = "sse-envelope.swift"; sourceTree = "<group>"; };
		7D6B7BA3EA8A70420F43BC32 /* chat-detail-tools.swift */ = {isa = PBXFileReference; lastKnownFileType = sourcecode.swift; path = "chat-detail-tools.swift"; sourceTree = "<group>"; };
		7EBB1015C6AF218AC8E91CE6 /* model-browser.swift */ = {isa = PBXFileReference; lastKnownFileType = sourcecode.swift; path = "model-browser.swift"; sourceTree = "<group>"; };
		7F65AE44DFA2BCEB5F63FFA2 /* chat-list-view-model.swift */ = {isa = PBXFileReference; lastKnownFileType = sourcecode.swift; path = "chat-list-view-model.swift"; sourceTree = "<group>"; };
		7FBBCB9C9FF666F71C7DF98D /* voice-transcriber.swift */ = {isa = PBXFileReference; lastKnownFileType = sourcecode.swift; path = "voice-transcriber.swift"; sourceTree = "<group>"; };
		83713DF1555EF243005AF9A7 /* api-mcp.swift */ = {isa = PBXFileReference; lastKnownFileType = sourcecode.swift; path = "api-mcp.swift"; sourceTree = "<group>"; };
		848DF49B8DE17EF518A4BB49 /* discover-view-model.swift */ = {isa = PBXFileReference; lastKnownFileType = sourcecode.swift; path = "discover-view-model.swift"; sourceTree = "<group>"; };
		8638C6AF81398A72EF5F03C3 /* api-codec.swift */ = {isa = PBXFileReference; lastKnownFileType = sourcecode.swift; path = "api-codec.swift"; sourceTree = "<group>"; };
		876CF92AB1281FDB646002AB /* sse-parser.swift */ = {isa = PBXFileReference; lastKnownFileType = sourcecode.swift; path = "sse-parser.swift"; sourceTree = "<group>"; };
		8798C6BC941AD39BE1BBA093 /* any-codable.swift */ = {isa = PBXFileReference; lastKnownFileType = sourcecode.swift; path = "any-codable.swift"; sourceTree = "<group>"; };
		891A7E6D9A1EED201369EF4F /* discover-filters-view.swift */ = {isa = PBXFileReference; lastKnownFileType = sourcecode.swift; path = "discover-filters-view.swift"; sourceTree = "<group>"; };
		89525F6B7DC337DF02D9467B /* dashboard-view.swift */ = {isa = PBXFileReference; lastKnownFileType = sourcecode.swift; path = "dashboard-view.swift"; sourceTree = "<group>"; };
		8D4C20D41ACB1557CC2F90D9 /* chat-message-meta-dropdown.swift */ = {isa = PBXFileReference; lastKnownFileType = sourcecode.swift; path = "chat-message-meta-dropdown.swift"; sourceTree = "<group>"; };
		8DF6507AD9F1645B93E706BF /* discover-view.swift */ = {isa = PBXFileReference; lastKnownFileType = sourcecode.swift; path = "discover-view.swift"; sourceTree = "<group>"; };
		8FC78042A6C16E5CAC61D128 /* chat-attachment.swift */ = {isa = PBXFileReference; lastKnownFileType = sourcecode.swift; path = "chat-attachment.swift"; sourceTree = "<group>"; };
		90AD4314C60A3B52A9477F6F /* audio-recorder.swift */ = {isa = PBXFileReference; lastKnownFileType = sourcecode.swift; path = "audio-recorder.swift"; sourceTree = "<group>"; };
		94FFD2D7AA1B71D5FFD6774A /* usage-latency-card.swift */ = {isa = PBXFileReference; lastKnownFileType = sourcecode.swift; path = "usage-latency-card.swift"; sourceTree = "<group>"; };
		960A2AEBB4535180A0B67842 /* artifact-templates.swift */ = {isa = PBXFileReference; lastKnownFileType = sourcecode.swift; path = "artifact-templates.swift"; sourceTree = "<group>"; };
		9893EC661511D08EFC140DF0 /* gpu-models.swift */ = {isa = PBXFileReference; lastKnownFileType = sourcecode.swift; path = "gpu-models.swift"; sourceTree = "<group>"; };
		9BECD79B9AF7AF7B9C240E96 /* log-models.swift */ = {isa = PBXFileReference; lastKnownFileType = sourcecode.swift; path = "log-models.swift"; sourceTree = "<group>"; };
		9D941089FD6714CC74F3E2B3 /* progress-bar.swift */ = {isa = PBXFileReference; lastKnownFileType = sourcecode.swift; path = "progress-bar.swift"; sourceTree = "<group>"; };
		9E175D285743C42061CE614E /* chat-detail-completions.swift */ = {isa = PBXFileReference; lastKnownFileType = sourcecode.swift; path = "chat-detail-completions.swift"; sourceTree = "<group>"; };
		A607C44D998E86CDA1598906 /* recipe-section.swift */ = {isa = PBXFileReference; lastKnownFileType = sourcecode.swift; path = "recipe-section.swift"; sourceTree = "<group>"; };
		A6AFD3AD09A7E14CE1B98B10 /* app-entry.swift */ = {isa = PBXFileReference; lastKnownFileType = sourcecode.swift; path = "app-entry.swift"; sourceTree = "<group>"; };
		A6C9E45CDE28A5F342AD7CC7 /* theme.swift */ = {isa = PBXFileReference; lastKnownFileType = sourcecode.swift; path = theme.swift; sourceTree = "<group>"; };
		A74188B83DA0BD7DF2621829 /* title-models.swift */ = {isa = PBXFileReference; lastKnownFileType = sourcecode.swift; path = "title-models.swift"; sourceTree = "<group>"; };
		A94F4B6AFCF3EF0F28177D08 /* error-view.swift */ = {isa = PBXFileReference; lastKnownFileType = sourcecode.swift; path = "error-view.swift"; sourceTree = "<group>"; };
		AA3C4DE8073E499328AB0EE2 /* openai-models.swift */ = {isa = PBXFileReference; lastKnownFileType = sourcecode.swift; path = "openai-models.swift"; sourceTree = "<group>"; };
		AAA2B51F27F5DCE98838CF35 /* chat-tool-belt-toolbar.swift */ = {isa = PBXFileReference; lastKnownFileType = sourcecode.swift; path = "chat-tool-belt-toolbar.swift"; sourceTree = "<group>"; };
		AC6FCD2B8E335A9B3150B522 /* api-usage.swift */ = {isa = PBXFileReference; lastKnownFileType = sourcecode.swift; path = "api-usage.swift"; sourceTree = "<group>"; };
		AD5F9792DC08E3078F37D7DD /* chat-tools-sheet.swift */ = {isa = PBXFileReference; lastKnownFileType = sourcecode.swift; path = "chat-tools-sheet.swift"; sourceTree = "<group>"; };
		B41BA16DDE8988868AB2E04B /* artifact-parser.swift */ = {isa = PBXFileReference; lastKnownFileType = sourcecode.swift; path = "artifact-parser.swift"; sourceTree = "<group>"; };
		BAEDF980EDAB619A40B57BC2 /* chat-thinking-parser.swift */ = {isa = PBXFileReference; lastKnownFileType = sourcecode.swift; path = "chat-thinking-parser.swift"; sourceTree = "<group>"; };
		BAF707CA60583AA8C9BAA79F /* usage-model-row-view.swift */ = {isa = PBXFileReference; lastKnownFileType = sourcecode.swift; path = "usage-model-row-view.swift"; sourceTree = "<group>"; };
		BAFDB544C086737DEA8FE78B /* system-models.swift */ = {isa = PBXFileReference; lastKnownFileType = sourcecode.swift; path = "system-models.swift"; sourceTree = "<group>"; };
		BC51918F59C4EE2AA145E436 /* keyboard-dismiss.swift */ = {isa = PBXFileReference; lastKnownFileType = sourcecode.swift; path = "keyboard-dismiss.swift"; sourceTree = "<group>"; };
		BE08B3247AE6D19FCAE9100B /* logs-view-model.swift */ = {isa = PBXFileReference; lastKnownFileType = sourcecode.swift; path = "logs-view-model.swift"; sourceTree = "<group>"; };
		BF664A7E4EB17B881FF9FA46 /* chat-session.swift */ = {isa = PBXFileReference; lastKnownFileType = sourcecode.swift; path = "chat-session.swift"; sourceTree = "<group>"; };
		C3F0DF311EBF37E6DA5D06C6 /* api-chat-sessions.swift */ = {isa = PBXFileReference; lastKnownFileType = sourcecode.swift; path = "api-chat-sessions.swift"; sourceTree = "<group>"; };
		C6CAE4CD14A94107C96012E2 /* chat-detail-meta.swift */ = {isa = PBXFileReference; lastKnownFileType = sourcecode.swift; path = "chat-detail-meta.swift"; sourceTree = "<group>"; };
		C74927CEC78B99E7963A573C /* chat-streaming-message-view.swift */ = {isa = PBXFileReference; lastKnownFileType = sourcecode.swift; path = "chat-streaming-message-view.swift"; sourceTree = "<group>"; };
		C888D0B971933A16B4A16CA6 /* benchmark-card.swift */ = {isa = PBXFileReference; lastKnownFileType = sourcecode.swift; path = "benchmark-card.swift"; sourceTree = "<group>"; };
		CAF0D148215303BA113A934A /* usage-view-model.swift */ = {isa = PBXFileReference; lastKnownFileType = sourcecode.swift; path = "usage-view-model.swift"; sourceTree = "<group>"; };
		CDC7681775BA8DD4A7C555E5 /* chat-agent-actions-sheet.swift */ = {isa = PBXFileReference; lastKnownFileType = sourcecode.swift; path = "chat-agent-actions-sheet.swift"; sourceTree = "<group>"; };
		D0354FD701795DB9206D7829 /* openai-chat-service.swift */ = {isa = PBXFileReference; lastKnownFileType = sourcecode.swift; path = "openai-chat-service.swift"; sourceTree = "<group>"; };
		D107A8CE0BB8F52CEFC09CBC /* mcp-tool-runner.swift */ = {isa = PBXFileReference; lastKnownFileType = sourcecode.swift; path = "mcp-tool-runner.swift"; sourceTree = "<group>"; };
		D50417FB0D172F747EC287C5 /* chat-detail-view.swift */ = {isa = PBXFileReference; lastKnownFileType = sourcecode.swift; path = "chat-detail-view.swift"; sourceTree = "<group>"; };
		D7A939267E9CD4C86B9B7828 /* logs-view.swift */ = {isa = PBXFileReference; lastKnownFileType = sourcecode.swift; path = "logs-view.swift"; sourceTree = "<group>"; };
		D807A0016D9AA63DEB77811F /* mcp-server-editor.swift */ = {isa = PBXFileReference; lastKnownFileType = sourcecode.swift; path = "mcp-server-editor.swift"; sourceTree = "<group>"; };
		DA4D1EBBE260BEE3B29498D1 /* empty-state-view.swift */ = {isa = PBXFileReference; lastKnownFileType = sourcecode.swift; path = "empty-state-view.swift"; sourceTree = "<group>"; };
		DE4C24A9178A4570A79E141D /* api-recipes.swift */ = {isa = PBXFileReference; lastKnownFileType = sourcecode.swift; path = "api-recipes.swift"; sourceTree = "<group>"; };
		DEB6D6D2E0E38741C0DB978E /* api-stream.swift */ = {isa = PBXFileReference; lastKnownFileType = sourcecode.swift; path = "api-stream.swift"; sourceTree = "<group>"; };
		DF29E305AC60735A9F6052D8 /* discover-row-view.swift */ = {isa = PBXFileReference; lastKnownFileType = sourcecode.swift; path = "discover-row-view.swift"; sourceTree = "<group>"; };
		E018C4F63E6C899ACA05BD96 /* card-view.swift */ = {isa = PBXFileReference; lastKnownFileType = sourcecode.swift; path = "card-view.swift"; sourceTree = "<group>"; };
		E084A8C833C638B842E5D51D /* usage-metric-row.swift */ = {isa = PBXFileReference; lastKnownFileType = sourcecode.swift; path = "usage-metric-row.swift"; sourceTree = "<group>"; };
		E10840B86185C3842321BBDE /* chat-detail-view-model.swift */ = {isa = PBXFileReference; lastKnownFileType = sourcecode.swift; path = "chat-detail-view-model.swift"; sourceTree = "<group>"; };
		E53FAE8F64214EE141EFD025 /* chat-agent-meta.swift */ = {isa = PBXFileReference; lastKnownFileType = sourcecode.swift; path = "chat-agent-meta.swift"; sourceTree = "<group>"; };
		E56D50EBF3F672778253F8ED /* loading-view.swift */ = {isa = PBXFileReference; lastKnownFileType = sourcecode.swift; path = "loading-view.swift"; sourceTree = "<group>"; };
		E58F22CE7A699B7BC5FD5289 /* vllm-studio.app */ = {isa = PBXFileReference; includeInIndex = 0; lastKnownFileType = wrapper.application; path = "vllm-studio.app"; sourceTree = BUILT_PRODUCTS_DIR; };
		E5B60B59FE3E9FAC9694E952 /* usage-summary-card.swift */ = {isa = PBXFileReference; lastKnownFileType = sourcecode.swift; path = "usage-summary-card.swift"; sourceTree = "<group>"; };
		E5F12CBEE23D311F903C389C /* chat-message.swift */ = {isa = PBXFileReference; lastKnownFileType = sourcecode.swift; path = "chat-message.swift"; sourceTree = "<group>"; };
		E84EDF77A0A9EB0C83854237 /* api-discover.swift */ = {isa = PBXFileReference; lastKnownFileType = sourcecode.swift; path = "api-discover.swift"; sourceTree = "<group>"; };
		EC7A1B18CD89345CD46B10C0 /* realtime-store.swift */ = {isa = PBXFileReference; lastKnownFileType = sourcecode.swift; path = "realtime-store.swift"; sourceTree = "<group>"; };
		EE8030C9A4BA18F04B99A6BC /* artifact-card.swift */ = {isa = PBXFileReference; lastKnownFileType = sourcecode.swift; path = "artifact-card.swift"; sourceTree = "<group>"; };
		EF8F621E24F789DE8776E5BB /* usage-view.swift */ = {isa = PBXFileReference; lastKnownFileType = sourcecode.swift; path = "usage-view.swift"; sourceTree = "<group>"; };
		F0FDB56C3EAD259DF8737F26 /* chat-tool-belt.swift */ = {isa = PBXFileReference; lastKnownFileType = sourcecode.swift; path = "chat-tool-belt.swift"; sourceTree = "<group>"; };
		F1EC390F1F778F0A11690F36 /* usage-metric-card.swift */ = {isa = PBXFileReference; lastKnownFileType = sourcecode.swift; path = "usage-metric-card.swift"; sourceTree = "<group>"; };
		F27D80AC9A52738D43E76817 /* artifact-viewer-sheet.swift */ = {isa = PBXFileReference; lastKnownFileType = sourcecode.swift; path = "artifact-viewer-sheet.swift"; sourceTree = "<group>"; };
		F39AED0A427EA95AD654ACBC /* drawer-menu-item.swift */ = {isa = PBXFileReference; lastKnownFileType = sourcecode.swift; path = "drawer-menu-item.swift"; sourceTree = "<group>"; };
		F40F3716FE802C63EA8AFE9D /* artifact-model.swift */ = {isa = PBXFileReference; lastKnownFileType = sourcecode.swift; path = "artifact-model.swift"; sourceTree = "<group>"; };
		F8AF25C22CFC8ED12645DE1A /* badge-view.swift */ = {isa = PBXFileReference; lastKnownFileType = sourcecode.swift; path = "badge-view.swift"; sourceTree = "<group>"; };
		FD41DFFE24B50B09DE1125FC /* gpu-row-view.swift */ = {isa = PBXFileReference; lastKnownFileType = sourcecode.swift; path = "gpu-row-view.swift"; sourceTree = "<group>"; };
		FE173E02AF24324E11B7DA66 /* settings-store.swift */ = {isa = PBXFileReference; lastKnownFileType = sourcecode.swift; path = "settings-store.swift"; sourceTree = "<group>"; };
/* End PBXFileReference section */

/* Begin PBXGroup section */
		081C99D38F4BB8C2A4180767 /* artifacts */ = {
			isa = PBXGroup;
			children = (
				EE8030C9A4BA18F04B99A6BC /* artifact-card.swift */,
				3B2C09DF65FDDCC6E48A75A9 /* artifact-detail-ext.swift */,
				F40F3716FE802C63EA8AFE9D /* artifact-model.swift */,
				B41BA16DDE8988868AB2E04B /* artifact-parser.swift */,
				960A2AEBB4535180A0B67842 /* artifact-templates.swift */,
				F27D80AC9A52738D43E76817 /* artifact-viewer-sheet.swift */,
				4E3E9F7C13E606B971BF21DF /* artifact-web-view.swift */,
			);
			path = artifacts;
			sourceTree = "<group>";
		};
		108CDD1AC7C15DF2CB9D3670 /* dashboard */ = {
			isa = PBXGroup;
			children = (
				C888D0B971933A16B4A16CA6 /* benchmark-card.swift */,
				6C9ED58645B2DD15FF9B0E7F /* dashboard-logs-card.swift */,
				513B175DAFD6AD4BB53AD492 /* dashboard-status-card.swift */,
				30F0EB027CC44CFB4CDC9379 /* dashboard-view-model.swift */,
				89525F6B7DC337DF02D9467B /* dashboard-view.swift */,
				FD41DFFE24B50B09DE1125FC /* gpu-row-view.swift */,
				6445C8DE22E231B82E4DBA75 /* gpu-status-section.swift */,
				0393432662AB595DCBA3BED6 /* launch-progress-card.swift */,
				37B7CB90D28F6EFCA66E339D /* metric-row.swift */,
				550751242F5784F776A48F8A /* metrics-card.swift */,
				2D162F32DDEE3188B88F79FB /* quick-actions-card.swift */,
				4B03F732527E991FEA9C0401 /* recipe-row-view.swift */,
				A607C44D998E86CDA1598906 /* recipe-section.swift */,
			);
			path = dashboard;
			sourceTree = "<group>";
		};
		119F069B2A275A5C42243A08 /* discover */ = {
			isa = PBXGroup;
			children = (
				891A7E6D9A1EED201369EF4F /* discover-filters-view.swift */,
				DF29E305AC60735A9F6052D8 /* discover-row-view.swift */,
				848DF49B8DE17EF518A4BB49 /* discover-view-model.swift */,
				8DF6507AD9F1645B93E706BF /* discover-view.swift */,
			);
			path = discover;
			sourceTree = "<group>";
		};
		129BE53D89FFFA7EF2521C42 /* tool-belt */ = {
			isa = PBXGroup;
			children = (
				8FC78042A6C16E5CAC61D128 /* chat-attachment.swift */,
				33A342A18D8CC17F4A97E152 /* chat-attachments-view.swift */,
				AAA2B51F27F5DCE98838CF35 /* chat-tool-belt-toolbar.swift */,
				F0FDB56C3EAD259DF8737F26 /* chat-tool-belt.swift */,
			);
			path = "tool-belt";
			sourceTree = "<group>";
		};
		2F4E998621E9EBDFE6CD5A46 = {
			isa = PBXGroup;
			children = (
				F3E77669C03B24AA06EEAD74 /* sources */,
				BF956782D98DBF39B286B301 /* Products */,
			);
			sourceTree = "<group>";
		};
		2FF85CAC8556F4C9E5A45C18 /* services */ = {
			isa = PBXGroup;
			children = (
				250C7A46C727A11CA8AC7CB3 /* app-container.swift */,
				90AD4314C60A3B52A9477F6F /* audio-recorder.swift */,
				32CA3019FF374A6EAEFA2BC7 /* json-utils.swift */,
				D0354FD701795DB9206D7829 /* openai-chat-service.swift */,
				5815AFD1A3C52DF8B62AC276 /* realtime-store-handler.swift */,
				EC7A1B18CD89345CD46B10C0 /* realtime-store.swift */,
				FE173E02AF24324E11B7DA66 /* settings-store.swift */,
				32C05AA5C489FE89780FF591 /* sse-client.swift */,
				2CEA72E1722314F6D7E9BDD1 /* sse-event.swift */,
				876CF92AB1281FDB646002AB /* sse-parser.swift */,
				7FBBCB9C9FF666F71C7DF98D /* voice-transcriber.swift */,
			);
			path = services;
			sourceTree = "<group>";
		};
		30D9C2B8B9FFAD876B6CDF60 /* core */ = {
			isa = PBXGroup;
			children = (
				71D993F066DACCC790419E75 /* api */,
				8E9EDE44FCCD115FC82A2327 /* models */,
				2FF85CAC8556F4C9E5A45C18 /* services */,
				BE05DFDDE2A0ECFD9F5024DE /* ui */,
			);
			path = core;
			sourceTree = "<group>";
		};
		61256F3E40CAB6A6700917A8 /* recipes */ = {
			isa = PBXGroup;
			children = (
				66EB4831A47C5A389AB88201 /* recipes-view.swift */,
			);
			path = recipes;
			sourceTree = "<group>";
		};
		71D993F066DACCC790419E75 /* api */ = {
			isa = PBXGroup;
			children = (
				51A9C72B2C235AC74B009DAD /* api-chat-completions.swift */,
				C3F0DF311EBF37E6DA5D06C6 /* api-chat-sessions.swift */,
				1E3797978315AD9DB9FCE4CE /* api-client.swift */,
				8638C6AF81398A72EF5F03C3 /* api-codec.swift */,
				E84EDF77A0A9EB0C83854237 /* api-discover.swift */,
				71D394293A5CFC7EA66EF4E6 /* api-error.swift */,
				573D80AF65D371EE00048574 /* api-logs.swift */,
				83713DF1555EF243005AF9A7 /* api-mcp.swift */,
				DE4C24A9178A4570A79E141D /* api-recipes.swift */,
				DEB6D6D2E0E38741C0DB978E /* api-stream.swift */,
				6B38A0E11709C8DF5E5743F6 /* api-system.swift */,
				AC6FCD2B8E335A9B3150B522 /* api-usage.swift */,
			);
			path = api;
			sourceTree = "<group>";
		};
		8110E69F177C8A721F6E89BF /* app */ = {
			isa = PBXGroup;
			children = (
				A6AFD3AD09A7E14CE1B98B10 /* app-entry.swift */,
				F39AED0A427EA95AD654ACBC /* drawer-menu-item.swift */,
				37866AE0A87C117BD01E9716 /* drawer-menu.swift */,
				067E123ADC957D0AC8A0FAB3 /* drawer-shell.swift */,
				4DC1852D1FB598DE32EF63D4 /* root-view.swift */,
				027E03DB29E8FC47B0AC4365 /* tab-shell.swift */,
			);
			path = app;
			sourceTree = "<group>";
		};
		89182C2373FB9F4FBF6FACB3 /* features */ = {
			isa = PBXGroup;
			children = (
				C4AEEBB5F47A5C465C54644B /* chat */,
				D4B6322DA544A19B823BFA16 /* configs */,
				108CDD1AC7C15DF2CB9D3670 /* dashboard */,
				119F069B2A275A5C42243A08 /* discover */,
				B939789F5E95D2810EC49B75 /* logs */,
				61256F3E40CAB6A6700917A8 /* recipes */,
				E54B5A34C922723076D6EA34 /* usage */,
			);
			path = features;
			sourceTree = "<group>";
		};
		8E9EDE44FCCD115FC82A2327 /* models */ = {
			isa = PBXGroup;
			children = (
				8798C6BC941AD39BE1BBA093 /* any-codable.swift */,
				306F2C505FC1C0859959B6C4 /* any-encodable.swift */,
				9893EC661511D08EFC140DF0 /* gpu-models.swift */,
				333A653F83FF5FBB65DA5728 /* log-line.swift */,
				9BECD79B9AF7AF7B9C240E96 /* log-models.swift */,
				63F5B7A2518355F30DCA892D /* mcp-models.swift */,
				347555203324D0A8350B9457 /* metrics-models.swift */,
				7EBB1015C6AF218AC8E91CE6 /* model-browser.swift */,
				AA3C4DE8073E499328AB0EE2 /* openai-models.swift */,
				42519DE2FA2958B83EA520D8 /* process-info.swift */,
				5024BF18816EB8504C38B60F /* recipe-models.swift */,
				79D23B51749081D017DE584A /* sse-envelope.swift */,
				BAFDB544C086737DEA8FE78B /* system-models.swift */,
				F46AEBF782C6ADEBEF8490B9 /* chat */,
				D19205050D315DA7C0293AF0 /* usage */,
			);
			path = models;
			sourceTree = "<group>";
		};
		B939789F5E95D2810EC49B75 /* logs */ = {
			isa = PBXGroup;
			children = (
				BE08B3247AE6D19FCAE9100B /* logs-view-model.swift */,
				D7A939267E9CD4C86B9B7828 /* logs-view.swift */,
			);
			path = logs;
			sourceTree = "<group>";
		};
		BE05DFDDE2A0ECFD9F5024DE /* ui */ = {
			isa = PBXGroup;
			children = (
				F8AF25C22CFC8ED12645DE1A /* badge-view.swift */,
				712146A1223BAE10F9ECF721 /* binding-optional.swift */,
				E018C4F63E6C899ACA05BD96 /* card-view.swift */,
				66A8998F1601EC22CE226B22 /* color-hex.swift */,
				DA4D1EBBE260BEE3B29498D1 /* empty-state-view.swift */,
				A94F4B6AFCF3EF0F28177D08 /* error-view.swift */,
				BC51918F59C4EE2AA145E436 /* keyboard-dismiss.swift */,
				E56D50EBF3F672778253F8ED /* loading-view.swift */,
				9D941089FD6714CC74F3E2B3 /* progress-bar.swift */,
				A6C9E45CDE28A5F342AD7CC7 /* theme.swift */,
			);
			path = ui;
			sourceTree = "<group>";
		};
		BF956782D98DBF39B286B301 /* Products */ = {
			isa = PBXGroup;
			children = (
				E58F22CE7A699B7BC5FD5289 /* vllm-studio.app */,
			);
			name = Products;
			sourceTree = "<group>";
		};
		C4AEEBB5F47A5C465C54644B /* chat */ = {
			isa = PBXGroup;
			children = (
				CDC7681775BA8DD4A7C555E5 /* chat-agent-actions-sheet.swift */,
				E53FAE8F64214EE141EFD025 /* chat-agent-meta.swift */,
				9E175D285743C42061CE614E /* chat-detail-completions.swift */,
				C6CAE4CD14A94107C96012E2 /* chat-detail-meta.swift */,
				6BF49DBB456DBA41395025DC /* chat-detail-send.swift */,
				45C341B50F73CB6A5138C58F /* chat-detail-stream.swift */,
				1882F9EF50283EF679C33C86 /* chat-detail-title.swift */,
				7D6B7BA3EA8A70420F43BC32 /* chat-detail-tools.swift */,
				E10840B86185C3842321BBDE /* chat-detail-view-model.swift */,
				D50417FB0D172F747EC287C5 /* chat-detail-view.swift */,
				1510ABAD234068463F9E7CC7 /* chat-input-bar.swift */,
				7F65AE44DFA2BCEB5F63FFA2 /* chat-list-view-model.swift */,
				5F3D4B70FB4B0A66BAE9CAC4 /* chat-list-view.swift */,
				2328A920A352FD161BB4C46E /* chat-markdown-text.swift */,
				688B2E002EFC20A2D3305C83 /* chat-message-builder.swift */,
				8D4C20D41ACB1557CC2F90D9 /* chat-message-meta-dropdown.swift */,
				225750EE8CEA837070360293 /* chat-message-row.swift */,
				694E08832E70D5756D1BE253 /* chat-plan-tools.swift */,
				613891A9AA4A8BD63D853252 /* chat-processing-bar.swift */,
				C74927CEC78B99E7963A573C /* chat-streaming-message-view.swift */,
				070C950B36EC3BBA60E7FD0A /* chat-thinking-block.swift */,
				BAEDF980EDAB619A40B57BC2 /* chat-thinking-parser.swift */,
				AD5F9792DC08E3078F37D7DD /* chat-tools-sheet.swift */,
				19BC5E2C2B791DFA74C9DF5D /* chat-usage-bar.swift */,
				D107A8CE0BB8F52CEFC09CBC /* mcp-tool-runner.swift */,
				081C99D38F4BB8C2A4180767 /* artifacts */,
				129BE53D89FFFA7EF2521C42 /* tool-belt */,
			);
			path = chat;
			sourceTree = "<group>";
		};
		D19205050D315DA7C0293AF0 /* usage */ = {
			isa = PBXGroup;
			children = (
				69F96F8ABC0C6C4B414F6B69 /* usage-rows.swift */,
				2F95FC191B583F0A9BF99C6F /* usage-stats.swift */,
			);
			path = usage;
			sourceTree = "<group>";
		};
		D4B6322DA544A19B823BFA16 /* configs */ = {
			isa = PBXGroup;
			children = (
				416475D5A0DEE461E918EA86 /* configs-api-section.swift */,
				1DE8A013A1CC0D4714932633 /* configs-mcp-section.swift */,
				75814524CB80571F95B324A9 /* configs-services-section.swift */,
				0B458C9B603A6B44C884F509 /* configs-view-model.swift */,
				73CE217C5928631F7D423657 /* configs-view.swift */,
				D807A0016D9AA63DEB77811F /* mcp-server-editor.swift */,
			);
			path = configs;
			sourceTree = "<group>";
		};
		E54B5A34C922723076D6EA34 /* usage */ = {
			isa = PBXGroup;
			children = (
				337F62FE6C900CE7FA857873 /* usage-activity-card.swift */,
				0A85B787CAF87ED273D38FFA /* usage-cache-card.swift */,
				94FFD2D7AA1B71D5FFD6774A /* usage-latency-card.swift */,
				F1EC390F1F778F0A11690F36 /* usage-metric-card.swift */,
				E084A8C833C638B842E5D51D /* usage-metric-row.swift */,
				BAF707CA60583AA8C9BAA79F /* usage-model-row-view.swift */,
				E5B60B59FE3E9FAC9694E952 /* usage-summary-card.swift */,
				68409965210C2DD617989D2C /* usage-tokens-card.swift */,
				CAF0D148215303BA113A934A /* usage-view-model.swift */,
				EF8F621E24F789DE8776E5BB /* usage-view.swift */,
			);
			path = usage;
			sourceTree = "<group>";
		};
		F3E77669C03B24AA06EEAD74 /* sources */ = {
			isa = PBXGroup;
			children = (
				8110E69F177C8A721F6E89BF /* app */,
				30D9C2B8B9FFAD876B6CDF60 /* core */,
				89182C2373FB9F4FBF6FACB3 /* features */,
			);
			path = sources;
			sourceTree = "<group>";
		};
		F46AEBF782C6ADEBEF8490B9 /* chat */ = {
			isa = PBXGroup;
			children = (
				5794307F07B8F8FA7021F79D /* chat-completion-models.swift */,
				E5F12CBEE23D311F903C389C /* chat-message.swift */,
				BF664A7E4EB17B881FF9FA46 /* chat-session.swift */,
				A74188B83DA0BD7DF2621829 /* title-models.swift */,
			);
			path = chat;
			sourceTree = "<group>";
		};
/* End PBXGroup section */

/* Begin PBXNativeTarget section */
		EFAD6D5743E25E3ADBC96EE1 /* vllm-studio */ = {
			isa = PBXNativeTarget;
			buildConfigurationList = EE9D0BDE82A653F8B384455D /* Build configuration list for PBXNativeTarget "vllm-studio" */;
			buildPhases = (
				4C1F985E74A764D738FAAEE6 /* Sources */,
			);
			buildRules = (
			);
			dependencies = (
			);
			name = "vllm-studio";
			packageProductDependencies = (
			);
			productName = "vllm-studio";
			productReference = E58F22CE7A699B7BC5FD5289 /* vllm-studio.app */;
			productType = "com.apple.product-type.application";
		};
/* End PBXNativeTarget section */

/* Begin PBXProject section */
		32B6044E0CB9285400B517F3 /* Project object */ = {
			isa = PBXProject;
			attributes = {
				BuildIndependentTargetsInParallel = YES;
				LastUpgradeCheck = 1500;
				TargetAttributes = {
					EFAD6D5743E25E3ADBC96EE1 = {
						DevelopmentTeam = 2RQ2839U69;
						ProvisioningStyle = Automatic;
					};
				};
			};
			buildConfigurationList = 14B972DDC12F64C432045EC7 /* Build configuration list for PBXProject "vllm-studio" */;
			compatibilityVersion = "Xcode 14.0";
			developmentRegion = en;
			hasScannedForEncodings = 0;
			knownRegions = (
				Base,
				en,
			);
			mainGroup = 2F4E998621E9EBDFE6CD5A46;
			minimizedProjectReferenceProxies = 1;
			preferredProjectObjectVersion = 77;
			projectDirPath = "";
			projectRoot = "";
			targets = (
				EFAD6D5743E25E3ADBC96EE1 /* vllm-studio */,
			);
		};
/* End PBXProject section */

/* Begin PBXSourcesBuildPhase section */
		4C1F985E74A764D738FAAEE6 /* Sources */ = {
			isa = PBXSourcesBuildPhase;
			buildActionMask = 2147483647;
			files = (
				EB88A369F28E8195CA5F0976 /* any-codable.swift in Sources */,
				1B4DCC3C9B9C4350475955F0 /* any-encodable.swift in Sources */,
				9C3650FA6FC658B03CB17B3E /* api-chat-completions.swift in Sources */,
				B934AA36D87FFC7E943703FC /* api-chat-sessions.swift in Sources */,
				406B881BB4D90AFE96CCEC6B /* api-client.swift in Sources */,
				688D521A4DF2CE71A481692F /* api-codec.swift in Sources */,
				7AA67ADAB3673E379BA3D8B4 /* api-discover.swift in Sources */,
				D266DF380EA3959613F9E5C0 /* api-error.swift in Sources */,
				85A9E5575645D538BB4BE7BC /* api-logs.swift in Sources */,
				1D33AA3298691DAB05115156 /* api-mcp.swift in Sources */,
				3AC357C426519787C1EB175E /* api-recipes.swift in Sources */,
				498ACAB0D621BC0871C24467 /* api-stream.swift in Sources */,
				D68CA7467D81203ECE592CD9 /* api-system.swift in Sources */,
				14D2B007048D3571948CADEB /* api-usage.swift in Sources */,
				74AE3FA356CA2FBA444D8BF0 /* app-container.swift in Sources */,
				0D06501DA6E2838BE6BF4179 /* app-entry.swift in Sources */,
				18AB81ABA4975636F2ECA438 /* artifact-card.swift in Sources */,
				412EAB8151D5C73CE83D4354 /* artifact-detail-ext.swift in Sources */,
				669CC3AA968173408D80F6F6 /* artifact-model.swift in Sources */,
				44BEEFDF174895A70EA15364 /* artifact-parser.swift in Sources */,
				886B7A01386DB6BFE2BE5BA6 /* artifact-templates.swift in Sources */,
				15EB1358F5077C00AC898E70 /* artifact-viewer-sheet.swift in Sources */,
				11F04054DC3B9DE869BDDFF1 /* artifact-web-view.swift in Sources */,
				D838B870DD859A0CB7CE82E8 /* audio-recorder.swift in Sources */,
				FDB22C3D80EAB4C989248138 /* badge-view.swift in Sources */,
				0C8017AF3CA8C084308AC24B /* benchmark-card.swift in Sources */,
				80F765E98C3C609B916086E2 /* binding-optional.swift in Sources */,
				FEEE43763E548E2EE5DF858B /* card-view.swift in Sources */,
				EB88CD831326EF3336E84C37 /* chat-agent-actions-sheet.swift in Sources */,
				8C2D2366D35A7280F384CEA5 /* chat-agent-meta.swift in Sources */,
				143FE9A90C4AB8A43235C933 /* chat-attachment.swift in Sources */,
				D9E197F4E2808C388D0BE48C /* chat-attachments-view.swift in Sources */,
				3DDCC7859C40BEAC0F78B793 /* chat-completion-models.swift in Sources */,
				68F757AFA2C4C5B80A9D2927 /* chat-detail-completions.swift in Sources */,
				2B414238819A68EBF785C632 /* chat-detail-meta.swift in Sources */,
				8F4D9573F8D49DFF4B169925 /* chat-detail-send.swift in Sources */,
				AD3D60A449B1C84550EF6C23 /* chat-detail-stream.swift in Sources */,
				91EB63BCF5BC6638991F7112 /* chat-detail-title.swift in Sources */,
				8F24F08CFC7AAD44B16D8288 /* chat-detail-tools.swift in Sources */,
				4A2CE48C9848FF87D3000E01 /* chat-detail-view-model.swift in Sources */,
				10D1918CCDECE0A3A956FCFE /* chat-detail-view.swift in Sources */,
				F0CFC14408C4BC3C8A35BA75 /* chat-input-bar.swift in Sources */,
				0380D501A44FD0DA8E50BDC5 /* chat-list-view-model.swift in Sources */,
				C7C1D5B624347C4B60A5F12B /* chat-list-view.swift in Sources */,
				57541D3837825CB8EB082489 /* chat-markdown-text.swift in Sources */,
				FB7FA2C7CAAC2AD3D0101B3E /* chat-message-builder.swift in Sources */,
				504CA385AA6C34ABCCCFA73F /* chat-message-meta-dropdown.swift in Sources */,
				EF7AF26AF339CAB03FEB68F9 /* chat-message-row.swift in Sources */,
				A525A676BB7AB9641A5F92CD /* chat-message.swift in Sources */,
				F0E83025717916C0F05E8957 /* chat-plan-tools.swift in Sources */,
				945EDE76969AD399449C4E7C /* chat-processing-bar.swift in Sources */,
				969EF819229EBBE385CCFFBC /* chat-session.swift in Sources */,
				94EAD5ACEBCD5B1B44ABC581 /* chat-streaming-message-view.swift in Sources */,
				6AE0BF7F723F601656D396E6 /* chat-thinking-block.swift in Sources */,
				3DE1E277742C0260E33AF2AB /* chat-thinking-parser.swift in Sources */,
				B7F288F64812C1E495100686 /* chat-tool-belt-toolbar.swift in Sources */,
				5808BA6D532B9F489AEEAD1D /* chat-tool-belt.swift in Sources */,
				C082ED5720C71D74445BA34E /* chat-tools-sheet.swift in Sources */,
				DF935A0AF6BE5E45E73D2AF1 /* chat-usage-bar.swift in Sources */,
				335B639172B8AD9E985B915E /* color-hex.swift in Sources */,
				57044E8D2433A871F0EDDCA7 /* configs-api-section.swift in Sources */,
				94F9AB002CD9DF9589AF866D /* configs-mcp-section.swift in Sources */,
				368C34D12689B49D1EFE1C0C /* configs-services-section.swift in Sources */,
				C140BBD389D6B7A562ADE35C /* configs-view-model.swift in Sources */,
				D7A3D5AB5D19FC151916C1DD /* configs-view.swift in Sources */,
				8483A8B9DB328FCF398EF274 /* dashboard-logs-card.swift in Sources */,
				B0691D379A267DBE0574B48B /* dashboard-status-card.swift in Sources */,
				99780A4FE33E7954B956CD07 /* dashboard-view-model.swift in Sources */,
				E0A9D97F1D91DEB6B8B7EF67 /* dashboard-view.swift in Sources */,
				182C83527EB6E59080E4A134 /* discover-filters-view.swift in Sources */,
				6D0F5264B6A9BDEE3AF41F9C /* discover-row-view.swift in Sources */,
				FE473726BE13602FC44A2E30 /* discover-view-model.swift in Sources */,
				6078174594DC812D7A312842 /* discover-view.swift in Sources */,
				B73771CC293D513AB0E91640 /* drawer-menu-item.swift in Sources */,
				787AE8F583C06E08DB530714 /* drawer-menu.swift in Sources */,
				737C03BA1BF7AD147F8B0DAC /* drawer-shell.swift in Sources */,
				C1609267E8F3F407ADA60535 /* empty-state-view.swift in Sources */,
				4A3D49B8E38785BF6F8B12A7 /* error-view.swift in Sources */,
				6A30D7A8E4EB70256013CD8A /* gpu-models.swift in Sources */,
				53EEA18E8D96132AEB2A312B /* gpu-row-view.swift in Sources */,
				CD17B132E1FD1431E736D818 /* gpu-status-section.swift in Sources */,
				7740C5675E5A456668D87832 /* json-utils.swift in Sources */,
				2CC8E8CDDD400614406D86E9 /* keyboard-dismiss.swift in Sources */,
				F4EFEC79D94DE03AC30CAC96 /* launch-progress-card.swift in Sources */,
				B77738831F5B1001D6FE6F54 /* loading-view.swift in Sources */,
				9971C780C561CB47CB83C8DF /* log-line.swift in Sources */,
				8A42905C368599D25713C9EA /* log-models.swift in Sources */,
				4928928E8DBBF92F9752492A /* logs-view-model.swift in Sources */,
				BE3F3E6CA8534C011C04C7F9 /* logs-view.swift in Sources */,
				7A0F19AE77F49A1F6E788F20 /* mcp-models.swift in Sources */,
				A8878E801DE909A0EC250DAD /* mcp-server-editor.swift in Sources */,
				0EBF6895EC3FB17821EEA0A2 /* mcp-tool-runner.swift in Sources */,
				50A4349DEF4C5D87BD213607 /* metric-row.swift in Sources */,
				8ED4C597F727299D04CF1386 /* metrics-card.swift in Sources */,
				156D069F5083F8289A31DA08 /* metrics-models.swift in Sources */,
				ED6516964B8A79EE78728926 /* model-browser.swift in Sources */,
				2F4594D590721174E34D8AF7 /* openai-chat-service.swift in Sources */,
				584022B7AA1012B9AD95A2C4 /* openai-models.swift in Sources */,
				E3D3B12F3AB038A1476C9376 /* process-info.swift in Sources */,
				224A4CE904520340106F24EC /* progress-bar.swift in Sources */,
				F2785BB135D8695DBEA04AB8 /* quick-actions-card.swift in Sources */,
				B2B9333940B086BF0E5A101C /* realtime-store-handler.swift in Sources */,
				7D77498331097108975F6BAC /* realtime-store.swift in Sources */,
				34EBA3EA98816E2BE9FF82BC /* recipe-models.swift in Sources */,
				4DEBDA1ACAD219C3011373B0 /* recipe-row-view.swift in Sources */,
				7033890EED206FBDAC078B1A /* recipe-section.swift in Sources */,
				4B6D78FB7E9727B0EE26A1F3 /* recipes-view.swift in Sources */,
				6DC8EFFE1EDF2BC98A5B653D /* root-view.swift in Sources */,
				475DA2798EF025BC47098A53 /* settings-store.swift in Sources */,
				2E4B0B96AD8FA4F9A5970A0B /* sse-client.swift in Sources */,
				ECB4564CECACBB5AE1151712 /* sse-envelope.swift in Sources */,
				E81D8662CCF78A1A9932CD2A /* sse-event.swift in Sources */,
				ED74C1BA758778D34BBEF21F /* sse-parser.swift in Sources */,
				EA42ED3C8F295BCC19686966 /* system-models.swift in Sources */,
				91BD631AD4178A7B74144143 /* tab-shell.swift in Sources */,
				56DEBF53DBDE1AF41600A5FC /* theme.swift in Sources */,
				76F3C8F8E0D4F48A13C0CB83 /* title-models.swift in Sources */,
				E7A8D28102BA9DD1A04C9A14 /* usage-activity-card.swift in Sources */,
				D6DCE53F18CFD813158F9571 /* usage-cache-card.swift in Sources */,
				D6AAAC7818B249489391EC02 /* usage-latency-card.swift in Sources */,
				DE03CE5CE13B803EC8D3351F /* usage-metric-card.swift in Sources */,
				0F2F8613733F2EFE6289A042 /* usage-metric-row.swift in Sources */,
				E3D19C367C502D9CCBC2F347 /* usage-model-row-view.swift in Sources */,
				3E6CB2084B073AFC61C89E75 /* usage-rows.swift in Sources */,
				7B2D57A11993E35121A85FF9 /* usage-stats.swift in Sources */,
				C1A0D61F4F91AA062F96503D /* usage-summary-card.swift in Sources */,
				3BDFAC04B40BDCB745CB4FFD /* usage-tokens-card.swift in Sources */,
				AB0017D480425166F3C646B3 /* usage-view-model.swift in Sources */,
				9908CE031AD6D287E913A522 /* usage-view.swift in Sources */,
				30C5CEA00FF184A52C716CEC /* voice-transcriber.swift in Sources */,
			);
			runOnlyForDeploymentPostprocessing = 0;
		};
/* End PBXSourcesBuildPhase section */

/* Begin XCBuildConfiguration section */
		06234CB65223D5B12EDC35DE /* Debug */ = {
			isa = XCBuildConfiguration;
			buildSettings = {
				ASSETCATALOG_COMPILER_APPICON_NAME = AppIcon;
				CODE_SIGN_IDENTITY = "iPhone Developer";
				CODE_SIGN_STYLE = Automatic;
				CURRENT_PROJECT_VERSION = 1;
				DEVELOPMENT_TEAM = 2RQ2839U69;
				INFOPLIST_FILE = resources/info.plist;
				LD_RUNPATH_SEARCH_PATHS = (
					"$(inherited)",
					"@executable_path/Frameworks",
				);
				MARKETING_VERSION = 0.1;
				PRODUCT_BUNDLE_IDENTIFIER = com.vllm.studio;
				SDKROOT = iphoneos;
				SWIFT_VERSION = 5.9;
				TARGETED_DEVICE_FAMILY = "1,2";
			};
			name = Debug;
		};
		2AC070E99C074D7955D54A4C /* Debug */ = {
			isa = XCBuildConfiguration;
			buildSettings = {
				ALWAYS_SEARCH_USER_PATHS = NO;
				CLANG_ANALYZER_NONNULL = YES;
				CLANG_ANALYZER_NUMBER_OBJECT_CONVERSION = YES_AGGRESSIVE;
				CLANG_CXX_LANGUAGE_STANDARD = "gnu++14";
				CLANG_CXX_LIBRARY = "libc++";
				CLANG_ENABLE_MODULES = YES;
				CLANG_ENABLE_OBJC_ARC = YES;
				CLANG_ENABLE_OBJC_WEAK = YES;
				CLANG_WARN_BLOCK_CAPTURE_AUTORELEASING = YES;
				CLANG_WARN_BOOL_CONVERSION = YES;
				CLANG_WARN_COMMA = YES;
				CLANG_WARN_CONSTANT_CONVERSION = YES;
				CLANG_WARN_DEPRECATED_OBJC_IMPLEMENTATIONS = YES;
				CLANG_WARN_DIRECT_OBJC_ISA_USAGE = YES_ERROR;
				CLANG_WARN_DOCUMENTATION_COMMENTS = YES;
				CLANG_WARN_EMPTY_BODY = YES;
				CLANG_WARN_ENUM_CONVERSION = YES;
				CLANG_WARN_INFINITE_RECURSION = YES;
				CLANG_WARN_INT_CONVERSION = YES;
				CLANG_WARN_NON_LITERAL_NULL_CONVERSION = YES;
				CLANG_WARN_OBJC_IMPLICIT_RETAIN_SELF = YES;
				CLANG_WARN_OBJC_LITERAL_CONVERSION = YES;
				CLANG_WARN_OBJC_ROOT_CLASS = YES_ERROR;
				CLANG_WARN_QUOTED_INCLUDE_IN_FRAMEWORK_HEADER = YES;
				CLANG_WARN_RANGE_LOOP_ANALYSIS = YES;
				CLANG_WARN_STRICT_PROTOTYPES = YES;
				CLANG_WARN_SUSPICIOUS_MOVE = YES;
				CLANG_WARN_UNGUARDED_AVAILABILITY = YES_AGGRESSIVE;
				CLANG_WARN_UNREACHABLE_CODE = YES;
				CLANG_WARN__DUPLICATE_METHOD_MATCH = YES;
				COPY_PHASE_STRIP = NO;
				DEBUG_INFORMATION_FORMAT = dwarf;
				ENABLE_STRICT_OBJC_MSGSEND = YES;
				ENABLE_TESTABILITY = YES;
				GCC_C_LANGUAGE_STANDARD = gnu11;
				GCC_DYNAMIC_NO_PIC = NO;
				GCC_NO_COMMON_BLOCKS = YES;
				GCC_OPTIMIZATION_LEVEL = 0;
				GCC_PREPROCESSOR_DEFINITIONS = (
					"$(inherited)",
					"DEBUG=1",
				);
				GCC_WARN_64_TO_32_BIT_CONVERSION = YES;
				GCC_WARN_ABOUT_RETURN_TYPE = YES_ERROR;
				GCC_WARN_UNDECLARED_SELECTOR = YES;
				GCC_WARN_UNINITIALIZED_AUTOS = YES_AGGRESSIVE;
				GCC_WARN_UNUSED_FUNCTION = YES;
				GCC_WARN_UNUSED_VARIABLE = YES;
				IPHONEOS_DEPLOYMENT_TARGET = 17.0;
				MTL_ENABLE_DEBUG_INFO = INCLUDE_SOURCE;
				MTL_FAST_MATH = YES;
				ONLY_ACTIVE_ARCH = YES;
				PRODUCT_NAME = "$(TARGET_NAME)";
				SDKROOT = iphoneos;
				SWIFT_ACTIVE_COMPILATION_CONDITIONS = DEBUG;
				SWIFT_OPTIMIZATION_LEVEL = "-Onone";
				SWIFT_VERSION = 5.0;
			};
			name = Debug;
		};
		3A20123595668F711E31FC6E /* Release */ = {
			isa = XCBuildConfiguration;
			buildSettings = {
				ALWAYS_SEARCH_USER_PATHS = NO;
				CLANG_ANALYZER_NONNULL = YES;
				CLANG_ANALYZER_NUMBER_OBJECT_CONVERSION = YES_AGGRESSIVE;
				CLANG_CXX_LANGUAGE_STANDARD = "gnu++14";
				CLANG_CXX_LIBRARY = "libc++";
				CLANG_ENABLE_MODULES = YES;
				CLANG_ENABLE_OBJC_ARC = YES;
				CLANG_ENABLE_OBJC_WEAK = YES;
				CLANG_WARN_BLOCK_CAPTURE_AUTORELEASING = YES;
				CLANG_WARN_BOOL_CONVERSION = YES;
				CLANG_WARN_COMMA = YES;
				CLANG_WARN_CONSTANT_CONVERSION = YES;
				CLANG_WARN_DEPRECATED_OBJC_IMPLEMENTATIONS = YES;
				CLANG_WARN_DIRECT_OBJC_ISA_USAGE = YES_ERROR;
				CLANG_WARN_DOCUMENTATION_COMMENTS = YES;
				CLANG_WARN_EMPTY_BODY = YES;
				CLANG_WARN_ENUM_CONVERSION = YES;
				CLANG_WARN_INFINITE_RECURSION = YES;
				CLANG_WARN_INT_CONVERSION = YES;
				CLANG_WARN_NON_LITERAL_NULL_CONVERSION = YES;
				CLANG_WARN_OBJC_IMPLICIT_RETAIN_SELF = YES;
				CLANG_WARN_OBJC_LITERAL_CONVERSION = YES;
				CLANG_WARN_OBJC_ROOT_CLASS = YES_ERROR;
				CLANG_WARN_QUOTED_INCLUDE_IN_FRAMEWORK_HEADER = YES;
				CLANG_WARN_RANGE_LOOP_ANALYSIS = YES;
				CLANG_WARN_STRICT_PROTOTYPES = YES;
				CLANG_WARN_SUSPICIOUS_MOVE = YES;
				CLANG_WARN_UNGUARDED_AVAILABILITY = YES_AGGRESSIVE;
				CLANG_WARN_UNREACHABLE_CODE = YES;
				CLANG_WARN__DUPLICATE_METHOD_MATCH = YES;
				COPY_PHASE_STRIP = NO;
				DEBUG_INFORMATION_FORMAT = "dwarf-with-dsym";
				ENABLE_NS_ASSERTIONS = NO;
				ENABLE_STRICT_OBJC_MSGSEND = YES;
				GCC_C_LANGUAGE_STANDARD = gnu11;
				GCC_NO_COMMON_BLOCKS = YES;
				GCC_WARN_64_TO_32_BIT_CONVERSION = YES;
				GCC_WARN_ABOUT_RETURN_TYPE = YES_ERROR;
				GCC_WARN_UNDECLARED_SELECTOR = YES;
				GCC_WARN_UNINITIALIZED_AUTOS = YES_AGGRESSIVE;
				GCC_WARN_UNUSED_FUNCTION = YES;
				GCC_WARN_UNUSED_VARIABLE = YES;
				IPHONEOS_DEPLOYMENT_TARGET = 17.0;
				MTL_ENABLE_DEBUG_INFO = NO;
				MTL_FAST_MATH = YES;
				PRODUCT_NAME = "$(TARGET_NAME)";
				SDKROOT = iphoneos;
				SWIFT_COMPILATION_MODE = wholemodule;
				SWIFT_OPTIMIZATION_LEVEL = "-O";
				SWIFT_VERSION = 5.0;
			};
			name = Release;
		};
		8AA67EEC6934F07C3F764EBF /* Release */ = {
			isa = XCBuildConfiguration;
			buildSettings = {
				ASSETCATALOG_COMPILER_APPICON_NAME = AppIcon;
				CODE_SIGN_IDENTITY = "iPhone Developer";
				CODE_SIGN_STYLE = Automatic;
				CURRENT_PROJECT_VERSION = 1;
				DEVELOPMENT_TEAM = 2RQ2839U69;
				INFOPLIST_FILE = resources/info.plist;
				LD_RUNPATH_SEARCH_PATHS = (
					"$(inherited)",
					"@executable_path/Frameworks",
				);
				MARKETING_VERSION = 0.1;
				PRODUCT_BUNDLE_IDENTIFIER = com.vllm.studio;
				SDKROOT = iphoneos;
				SWIFT_VERSION = 5.9;
				TARGETED_DEVICE_FAMILY = "1,2";
			};
			name = Release;
		};
/* End XCBuildConfiguration section */

/* Begin XCConfigurationList section */
		14B972DDC12F64C432045EC7 /* Build configuration list for PBXProject "vllm-studio" */ = {
			isa = XCConfigurationList;
			buildConfigurations = (
				2AC070E99C074D7955D54A4C /* Debug */,
				3A20123595668F711E31FC6E /* Release */,
			);
			defaultConfigurationIsVisible = 0;
			defaultConfigurationName = Debug;
		};
		EE9D0BDE82A653F8B384455D /* Build configuration list for PBXNativeTarget "vllm-studio" */ = {
			isa = XCConfigurationList;
			buildConfigurations = (
				06234CB65223D5B12EDC35DE /* Debug */,
				8AA67EEC6934F07C3F764EBF /* Release */,
			);
			defaultConfigurationIsVisible = 0;
			defaultConfigurationName = Debug;
		};
/* End XCConfigurationList section */
	};
	rootObject = 32B6044E0CB9285400B517F3 /* Project object */;
}
